
Microsoft Visual Studio Solution File, Format Version 12.00
# Visual Studio 14
VisualStudioVersion = 14.0.25420.1
MinimumVisualStudioVersion = 10.0.40219.1
Project("{FAE04EC0-301F-11D3-BF4B-00C04F79EFBC}") = "taskC1", "taskC1\taskC1.csproj", "{3BA50342-61CF-4694-80D2-45300AB38282}"
EndProject
Project("{FAE04EC0-301F-11D3-BF4B-00C04F79EFBC}") = "taskC2", "taskC2\taskC2.csproj", "{24894BE7-73AE-4E40-8988-DE4724E84F4B}"
EndProject
Project("{FAE04EC0-301F-11D3-BF4B-00C04F79EFBC}") = "taskC4", "taskC4\taskC4.csproj", "{1DB0795C-1DC0-4C5B-9C0D-8498D5BCB3CE}"
EndProject
Project("{FAE04EC0-301F-11D3-BF4B-00C04F79EFBC}") = "taskC6", "taskC6\taskC6.csproj", "{EC88FC85-D711-4429-B7A6-21B033089873}"
EndProject
Project("{FAE04EC0-301F-11D3-BF4B-00C04F79EFBC}") = "taskC7", "taskC7\taskC7.csproj", "{C5A3036B-2A23-45A1-9CC6-B2E54BF0F9B1}"
EndProject
Global
	GlobalSection(SolutionConfigurationPlatforms) = preSolution
		Debug|Any CPU = Debug|Any CPU
		Release|Any CPU = Release|Any CPU
	EndGlobalSection
	GlobalSection(ProjectConfigurationPlatforms) = postSolution
		{3BA50342-61CF-4694-80D2-45300AB38282}.Debug|Any CPU.ActiveCfg = Debug|Any CPU
		{3BA50342-61CF-4694-80D2-45300AB38282}.Debug|Any CPU.Build.0 = Debug|Any CPU
		{3BA50342-61CF-4694-80D2-45300AB38282}.Release|Any CPU.ActiveCfg = Release|Any CPU
		{3BA50342-61CF-4694-80D2-45300AB38282}.Release|Any CPU.Build.0 = Release|Any CPU
		{24894BE7-73AE-4E40-8988-DE4724E84F4B}.Debug|Any CPU.ActiveCfg = Debug|Any CPU
		{24894BE7-73AE-4E40-8988-DE4724E84F4B}.Debug|Any CPU.Build.0 = Debug|Any CPU
		{24894BE7-73AE-4E40-8988-DE4724E84F4B}.Release|Any CPU.ActiveCfg = Release|Any CPU
		{24894BE7-73AE-4E40-8988-DE4724E84F4B}.Release|Any CPU.Build.0 = Release|Any CPU
		{1DB0795C-1DC0-4C5B-9C0D-8498D5BCB3CE}.Debug|Any CPU.ActiveCfg = Debug|Any CPU
		{1DB0795C-1DC0-4C5B-9C0D-8498D5BCB3CE}.Debug|Any CPU.Build.0 = Debug|Any CPU
		{1DB0795C-1DC0-4C5B-9C0D-8498D5BCB3CE}.Release|Any CPU.ActiveCfg = Release|Any CPU
		{1DB0795C-1DC0-4C5B-9C0D-8498D5BCB3CE}.Release|Any CPU.Build.0 = Release|Any CPU
		{EC88FC85-D711-4429-B7A6-21B033089873}.Debug|Any CPU.ActiveCfg = Debug|Any CPU
		{EC88FC85-D711-4429-B7A6-21B033089873}.Debug|Any CPU.Build.0 = Debug|Any CPU
		{EC88FC85-D711-4429-B7A6-21B033089873}.Release|Any CPU.ActiveCfg = Release|Any CPU
		{EC88FC85-D711-4429-B7A6-21B033089873}.Release|Any CPU.Build.0 = Release|Any CPU
		{C5A3036B-2A23-45A1-9CC6-B2E54BF0F9B1}.Debug|Any CPU.ActiveCfg = Debug|Any CPU
		{C5A3036B-2A23-45A1-9CC6-B2E54BF0F9B1}.Debug|Any CPU.Build.0 = Debug|Any CPU
		{C5A3036B-2A23-45A1-9CC6-B2E54BF0F9B1}.Release|Any CPU.ActiveCfg = Release|Any CPU
		{C5A3036B-2A23-45A1-9CC6-B2E54BF0F9B1}.Release|Any CPU.Build.0 = Release|Any CPU
	EndGlobalSection
	GlobalSection(SolutionProperties) = preSolution
		HideSolutionNode = FALSE
	EndGlobalSection
EndGlobal
